
Microsoft Visual Studio Solution File, Format Version 12.00
# Visual Studio Version 16
VisualStudioVersion = 16.0.30320.27
MinimumVisualStudioVersion = 10.0.40219.1
Project("{9A19103F-16F7-4668-BE54-9A1E7A4F7556}") = "INStock", "INStock - Skeleton\INStock\INStock.csproj", "{F97163F0-328D-4CE3-8577-A30A8817FE85}"
EndProject
Project("{9A19103F-16F7-4668-BE54-9A1E7A4F7556}") = "INStock.Tests", "INStock - Skeleton\INStock.Tests\INStock.Tests.csproj", "{525D9686-5751-45F4-B4CC-99B644DF088A}"
EndProject
Global
	GlobalSection(SolutionConfigurationPlatforms) = preSolution
		Debug|Any CPU = Debug|Any CPU
		Release|Any CPU = Release|Any CPU
	EndGlobalSection
	GlobalSection(ProjectConfigurationPlatforms) = postSolution
		{F97163F0-328D-4CE3-8577-A30A8817FE85}.Debug|Any CPU.ActiveCfg = Debug|Any CPU
		{F97163F0-328D-4CE3-8577-A30A8817FE85}.Debug|Any CPU.Build.0 = Debug|Any CPU
		{F97163F0-328D-4CE3-8577-A30A8817FE85}.Release|Any CPU.ActiveCfg = Release|Any CPU
		{F97163F0-328D-4CE3-8577-A30A8817FE85}.Release|Any CPU.Build.0 = Release|Any CPU
		{525D9686-5751-45F4-B4CC-99B644DF088A}.Debug|Any CPU.ActiveCfg = Debug|Any CPU
		{525D9686-5751-45F4-B4CC-99B644DF088A}.Debug|Any CPU.Build.0 = Debug|Any CPU
		{525D9686-5751-45F4-B4CC-99B644DF088A}.Release|Any CPU.ActiveCfg = Release|Any CPU
		{525D9686-5751-45F4-B4CC-99B644DF088A}.Release|Any CPU.Build.0 = Release|Any CPU
	EndGlobalSection
	GlobalSection(SolutionProperties) = preSolution
		HideSolutionNode = FALSE
	EndGlobalSection
	GlobalSection(ExtensibilityGlobals) = postSolution
		SolutionGuid = {C7A7163C-E77F-42D5-BC11-7FAB72664DDB}
	EndGlobalSection
EndGlobal
