
Microsoft Visual Studio Solution File, Format Version 12.00
# Visual Studio Version 16
VisualStudioVersion = 16.0.30011.22
MinimumVisualStudioVersion = 10.0.40219.1
Project("{FAE04EC0-301F-11D3-BF4B-00C04F79EFBC}") = "Shapes", "01. Shapes\Shapes.csproj", "{C46E82A7-BB6D-4480-A11F-EBD430F6A081}"
EndProject
Project("{FAE04EC0-301F-11D3-BF4B-00C04F79EFBC}") = "Cars", "Cars\Cars.csproj", "{5FF2C3D7-19F1-4087-A46F-09240D0E85EA}"
EndProject
Global
	GlobalSection(SolutionConfigurationPlatforms) = preSolution
		Debug|Any CPU = Debug|Any CPU
		Release|Any CPU = Release|Any CPU
	EndGlobalSection
	GlobalSection(ProjectConfigurationPlatforms) = postSolution
		{C46E82A7-BB6D-4480-A11F-EBD430F6A081}.Debug|Any CPU.ActiveCfg = Debug|Any CPU
		{C46E82A7-BB6D-4480-A11F-EBD430F6A081}.Debug|Any CPU.Build.0 = Debug|Any CPU
		{C46E82A7-BB6D-4480-A11F-EBD430F6A081}.Release|Any CPU.ActiveCfg = Release|Any CPU
		{C46E82A7-BB6D-4480-A11F-EBD430F6A081}.Release|Any CPU.Build.0 = Release|Any CPU
		{5FF2C3D7-19F1-4087-A46F-09240D0E85EA}.Debug|Any CPU.ActiveCfg = Debug|Any CPU
		{5FF2C3D7-19F1-4087-A46F-09240D0E85EA}.Debug|Any CPU.Build.0 = Debug|Any CPU
		{5FF2C3D7-19F1-4087-A46F-09240D0E85EA}.Release|Any CPU.ActiveCfg = Release|Any CPU
		{5FF2C3D7-19F1-4087-A46F-09240D0E85EA}.Release|Any CPU.Build.0 = Release|Any CPU
	EndGlobalSection
	GlobalSection(SolutionProperties) = preSolution
		HideSolutionNode = FALSE
	EndGlobalSection
	GlobalSection(ExtensibilityGlobals) = postSolution
		SolutionGuid = {A7868D04-4D22-48D9-ADB6-D948CF856A22}
	EndGlobalSection
EndGlobal
