
Microsoft Visual Studio Solution File, Format Version 12.00
# Visual Studio Version 16
VisualStudioVersion = 16.0.30011.22
MinimumVisualStudioVersion = 10.0.40219.1
Project("{9A19103F-16F7-4668-BE54-9A1E7A4F7556}") = "01ClassBoxData", "01ClassBoxData\01ClassBoxData.csproj", "{6DB91056-C565-443F-9B51-AC4272FFF635}"
EndProject
Project("{FAE04EC0-301F-11D3-BF4B-00C04F79EFBC}") = "04.PizzaCalories", "04.PizzaCalories\04.PizzaCalories.csproj", "{185CA0CA-DF51-411F-BE0D-144318AFBCFC}"
EndProject
Project("{FAE04EC0-301F-11D3-BF4B-00C04F79EFBC}") = "03.ShoppingSpree", "03.ShoppingSpree\03.ShoppingSpree.csproj", "{B391389A-D514-4360-88E0-48CB50F04409}"
EndProject
Project("{FAE04EC0-301F-11D3-BF4B-00C04F79EFBC}") = "05.FootballTeamGenerator", "05.FootballTeamGenerator\05.FootballTeamGenerator.csproj", "{52DCE8C5-CD76-4961-90D0-5D8FF4FE69DB}"
EndProject
Global
	GlobalSection(SolutionConfigurationPlatforms) = preSolution
		Debug|Any CPU = Debug|Any CPU
		Release|Any CPU = Release|Any CPU
	EndGlobalSection
	GlobalSection(ProjectConfigurationPlatforms) = postSolution
		{6DB91056-C565-443F-9B51-AC4272FFF635}.Debug|Any CPU.ActiveCfg = Debug|Any CPU
		{6DB91056-C565-443F-9B51-AC4272FFF635}.Debug|Any CPU.Build.0 = Debug|Any CPU
		{6DB91056-C565-443F-9B51-AC4272FFF635}.Release|Any CPU.ActiveCfg = Release|Any CPU
		{6DB91056-C565-443F-9B51-AC4272FFF635}.Release|Any CPU.Build.0 = Release|Any CPU
		{185CA0CA-DF51-411F-BE0D-144318AFBCFC}.Debug|Any CPU.ActiveCfg = Debug|Any CPU
		{185CA0CA-DF51-411F-BE0D-144318AFBCFC}.Debug|Any CPU.Build.0 = Debug|Any CPU
		{185CA0CA-DF51-411F-BE0D-144318AFBCFC}.Release|Any CPU.ActiveCfg = Release|Any CPU
		{185CA0CA-DF51-411F-BE0D-144318AFBCFC}.Release|Any CPU.Build.0 = Release|Any CPU
		{B391389A-D514-4360-88E0-48CB50F04409}.Debug|Any CPU.ActiveCfg = Debug|Any CPU
		{B391389A-D514-4360-88E0-48CB50F04409}.Debug|Any CPU.Build.0 = Debug|Any CPU
		{B391389A-D514-4360-88E0-48CB50F04409}.Release|Any CPU.ActiveCfg = Release|Any CPU
		{B391389A-D514-4360-88E0-48CB50F04409}.Release|Any CPU.Build.0 = Release|Any CPU
		{52DCE8C5-CD76-4961-90D0-5D8FF4FE69DB}.Debug|Any CPU.ActiveCfg = Debug|Any CPU
		{52DCE8C5-CD76-4961-90D0-5D8FF4FE69DB}.Debug|Any CPU.Build.0 = Debug|Any CPU
		{52DCE8C5-CD76-4961-90D0-5D8FF4FE69DB}.Release|Any CPU.ActiveCfg = Release|Any CPU
		{52DCE8C5-CD76-4961-90D0-5D8FF4FE69DB}.Release|Any CPU.Build.0 = Release|Any CPU
	EndGlobalSection
	GlobalSection(SolutionProperties) = preSolution
		HideSolutionNode = FALSE
	EndGlobalSection
	GlobalSection(ExtensibilityGlobals) = postSolution
		SolutionGuid = {DCDBF94F-7E2A-4F0A-B65C-7D322F428349}
	EndGlobalSection
EndGlobal
