
Microsoft Visual Studio Solution File, Format Version 12.00
# Visual Studio Version 16
VisualStudioVersion = 16.0.30309.148
MinimumVisualStudioVersion = 10.0.40219.1
Project("{9A19103F-16F7-4668-BE54-9A1E7A4F7556}") = "Ages", "Ages\Ages.csproj", "{A9093FAA-9864-4BA1-A9FE-260D7A3AFD42}"
EndProject
Project("{FAE04EC0-301F-11D3-BF4B-00C04F79EFBC}") = "SecretChat", "SecretChat\SecretChat.csproj", "{4F6457EB-3E53-4B1A-BA54-57F1AEA7A833}"
EndProject
Global
	GlobalSection(SolutionConfigurationPlatforms) = preSolution
		Debug|Any CPU = Debug|Any CPU
		Release|Any CPU = Release|Any CPU
	EndGlobalSection
	GlobalSection(ProjectConfigurationPlatforms) = postSolution
		{A9093FAA-9864-4BA1-A9FE-260D7A3AFD42}.Debug|Any CPU.ActiveCfg = Debug|Any CPU
		{A9093FAA-9864-4BA1-A9FE-260D7A3AFD42}.Debug|Any CPU.Build.0 = Debug|Any CPU
		{A9093FAA-9864-4BA1-A9FE-260D7A3AFD42}.Release|Any CPU.ActiveCfg = Release|Any CPU
		{A9093FAA-9864-4BA1-A9FE-260D7A3AFD42}.Release|Any CPU.Build.0 = Release|Any CPU
		{4F6457EB-3E53-4B1A-BA54-57F1AEA7A833}.Debug|Any CPU.ActiveCfg = Debug|Any CPU
		{4F6457EB-3E53-4B1A-BA54-57F1AEA7A833}.Debug|Any CPU.Build.0 = Debug|Any CPU
		{4F6457EB-3E53-4B1A-BA54-57F1AEA7A833}.Release|Any CPU.ActiveCfg = Release|Any CPU
		{4F6457EB-3E53-4B1A-BA54-57F1AEA7A833}.Release|Any CPU.Build.0 = Release|Any CPU
	EndGlobalSection
	GlobalSection(SolutionProperties) = preSolution
		HideSolutionNode = FALSE
	EndGlobalSection
	GlobalSection(ExtensibilityGlobals) = postSolution
		SolutionGuid = {F8BE6A82-5130-41A7-A249-3EB431878AFC}
	EndGlobalSection
EndGlobal
